
Microsoft Visual Studio Solution File, Format Version 12.00
# Visual Studio 2013
VisualStudioVersion = 12.0.31101.0
MinimumVisualStudioVersion = 10.0.40219.1
Project("{FAE04EC0-301F-11D3-BF4B-00C04F79EFBC}") = "OpenAM.Core", "OpenAM.Core\OpenAM.Core.csproj", "{ECDB08A7-5597-4A75-A2A6-12D57A8E99FF}"
EndProject
Project("{FAE04EC0-301F-11D3-BF4B-00C04F79EFBC}") = "OpenAM.Agent", "OpenAM.Agent\OpenAM.Agent.csproj", "{22BDA447-6F29-4DB6-BD81-92D89DD36340}"
EndProject
Project("{FAE04EC0-301F-11D3-BF4B-00C04F79EFBC}") = "OpenAM.Core.UnitTests", "OpenAM.Core.UnitTests\OpenAM.Core.UnitTests.csproj", "{73CAD2A2-C690-4199-A0AD-036E325B7466}"
EndProject
Project("{FAE04EC0-301F-11D3-BF4B-00C04F79EFBC}") = "OpenAM.Core.UnitTests.BlackBox", "OpenAM.Core.UnitTests.BlackBox\OpenAM.Core.UnitTests.BlackBox.csproj", "{43058574-0BBD-4C20-BF44-6649E62EDAB7}"
EndProject
Global
	GlobalSection(SolutionConfigurationPlatforms) = preSolution
		Debug|Any CPU = Debug|Any CPU
		Release|Any CPU = Release|Any CPU
	EndGlobalSection
	GlobalSection(ProjectConfigurationPlatforms) = postSolution
		{ECDB08A7-5597-4A75-A2A6-12D57A8E99FF}.Debug|Any CPU.ActiveCfg = Debug|Any CPU
		{ECDB08A7-5597-4A75-A2A6-12D57A8E99FF}.Debug|Any CPU.Build.0 = Debug|Any CPU
		{ECDB08A7-5597-4A75-A2A6-12D57A8E99FF}.Release|Any CPU.ActiveCfg = Release|Any CPU
		{ECDB08A7-5597-4A75-A2A6-12D57A8E99FF}.Release|Any CPU.Build.0 = Release|Any CPU
		{22BDA447-6F29-4DB6-BD81-92D89DD36340}.Debug|Any CPU.ActiveCfg = Debug|Any CPU
		{22BDA447-6F29-4DB6-BD81-92D89DD36340}.Debug|Any CPU.Build.0 = Debug|Any CPU
		{22BDA447-6F29-4DB6-BD81-92D89DD36340}.Release|Any CPU.ActiveCfg = Release|Any CPU
		{22BDA447-6F29-4DB6-BD81-92D89DD36340}.Release|Any CPU.Build.0 = Release|Any CPU
		{73CAD2A2-C690-4199-A0AD-036E325B7466}.Debug|Any CPU.ActiveCfg = Debug|Any CPU
		{73CAD2A2-C690-4199-A0AD-036E325B7466}.Debug|Any CPU.Build.0 = Debug|Any CPU
		{73CAD2A2-C690-4199-A0AD-036E325B7466}.Release|Any CPU.ActiveCfg = Release|Any CPU
		{73CAD2A2-C690-4199-A0AD-036E325B7466}.Release|Any CPU.Build.0 = Release|Any CPU
		{43058574-0BBD-4C20-BF44-6649E62EDAB7}.Debug|Any CPU.ActiveCfg = Debug|Any CPU
		{43058574-0BBD-4C20-BF44-6649E62EDAB7}.Debug|Any CPU.Build.0 = Debug|Any CPU
		{43058574-0BBD-4C20-BF44-6649E62EDAB7}.Release|Any CPU.ActiveCfg = Release|Any CPU
		{43058574-0BBD-4C20-BF44-6649E62EDAB7}.Release|Any CPU.Build.0 = Release|Any CPU
	EndGlobalSection
	GlobalSection(SolutionProperties) = preSolution
		HideSolutionNode = FALSE
	EndGlobalSection
EndGlobal
